
Microsoft Visual Studio Solution File, Format Version 12.00
# Visual Studio Version 17
VisualStudioVersion = 17.0.31903.59
MinimumVisualStudioVersion = 10.0.40219.1
Project("{FAE04EC0-301F-11D3-BF4B-00C04F79EFBC}") = "MessageService", "MessageService\MessageService.csproj", "{CA42EBB8-6016-4CA6-B910-C5B8481B457F}"
EndProject
Global
	GlobalSection(SolutionConfigurationPlatforms) = preSolution
		Debug|Any CPU = Debug|Any CPU
		Release|Any CPU = Release|Any CPU
	EndGlobalSection
	GlobalSection(ProjectConfigurationPlatforms) = postSolution
		{CA42EBB8-6016-4CA6-B910-C5B8481B457F}.Debug|Any CPU.ActiveCfg = Debug|Any CPU
		{CA42EBB8-6016-4CA6-B910-C5B8481B457F}.Debug|Any CPU.Build.0 = Debug|Any CPU
		{CA42EBB8-6016-4CA6-B910-C5B8481B457F}.Release|Any CPU.ActiveCfg = Release|Any CPU
		{CA42EBB8-6016-4CA6-B910-C5B8481B457F}.Release|Any CPU.Build.0 = Release|Any CPU
	EndGlobalSection
	GlobalSection(SolutionProperties) = preSolution
		HideSolutionNode = FALSE
	EndGlobalSection
	GlobalSection(ExtensibilityGlobals) = postSolution
		SolutionGuid = {081A8C84-6A47-4476-93E2-79E66BB7D6E6}
	EndGlobalSection
EndGlobal
